
Microsoft Visual Studio Solution File, Format Version 12.00
# Visual Studio Version 16
VisualStudioVersion = 16.0.29613.14
MinimumVisualStudioVersion = 10.0.40219.1
Project("{FAE04EC0-301F-11D3-BF4B-00C04F79EFBC}") = "ReverseStringC", "ReverseStringC\ReverseStringC.csproj", "{A83CE38B-EBC0-4086-8260-35BF9B84ACDB}"
EndProject
Global
	GlobalSection(SolutionConfigurationPlatforms) = preSolution
		Debug|Any CPU = Debug|Any CPU
		Release|Any CPU = Release|Any CPU
	EndGlobalSection
	GlobalSection(ProjectConfigurationPlatforms) = postSolution
		{A83CE38B-EBC0-4086-8260-35BF9B84ACDB}.Debug|Any CPU.ActiveCfg = Debug|Any CPU
		{A83CE38B-EBC0-4086-8260-35BF9B84ACDB}.Debug|Any CPU.Build.0 = Debug|Any CPU
		{A83CE38B-EBC0-4086-8260-35BF9B84ACDB}.Release|Any CPU.ActiveCfg = Release|Any CPU
		{A83CE38B-EBC0-4086-8260-35BF9B84ACDB}.Release|Any CPU.Build.0 = Release|Any CPU
	EndGlobalSection
	GlobalSection(SolutionProperties) = preSolution
		HideSolutionNode = FALSE
	EndGlobalSection
	GlobalSection(ExtensibilityGlobals) = postSolution
		SolutionGuid = {2BCE8DBF-5D65-48DA-B774-463A4B4F20CA}
	EndGlobalSection
EndGlobal
